
Microsoft Visual Studio Solution File, Format Version 12.00
# Visual Studio Version 17
VisualStudioVersion = 17.14.37027.9 d17.14
MinimumVisualStudioVersion = 10.0.40219.1
Project("{FAE04EC0-301F-11D3-BF4B-00C04F79EFBC}") = "StructuralPatterns_lab6", "StructuralPatterns_lab6.csproj", "{94715258-4CA2-4D5C-99F6-08EEC3B01CE7}"
EndProject
Global
	GlobalSection(SolutionConfigurationPlatforms) = preSolution
		Debug|Any CPU = Debug|Any CPU
		Release|Any CPU = Release|Any CPU
	EndGlobalSection
	GlobalSection(ProjectConfigurationPlatforms) = postSolution
		{94715258-4CA2-4D5C-99F6-08EEC3B01CE7}.Debug|Any CPU.ActiveCfg = Debug|Any CPU
		{94715258-4CA2-4D5C-99F6-08EEC3B01CE7}.Debug|Any CPU.Build.0 = Debug|Any CPU
		{94715258-4CA2-4D5C-99F6-08EEC3B01CE7}.Release|Any CPU.ActiveCfg = Release|Any CPU
		{94715258-4CA2-4D5C-99F6-08EEC3B01CE7}.Release|Any CPU.Build.0 = Release|Any CPU
	EndGlobalSection
	GlobalSection(SolutionProperties) = preSolution
		HideSolutionNode = FALSE
	EndGlobalSection
	GlobalSection(ExtensibilityGlobals) = postSolution
		SolutionGuid = {2C53BF35-56E0-41C3-B127-353C529F5D36}
	EndGlobalSection
EndGlobal
